# This file is automatically @generated by Poetry 1.8.4 and should not be changed by hand.

[[package]]
name = "eclipse-sumo"
version = "1.21.0"
description = "A microscopic, multi-modal traffic simulation package"
optional = false
python-versions = "*"
files = [
    {file = "eclipse_sumo-1.21.0-cp310-cp310-macosx_14_0_arm64.whl", hash = "sha256:e774b48bc52ac00c3b7a5dbe259dddb862bb431ad0fde65ab5639785207dadfc"},
    {file = "eclipse_sumo-1.21.0-cp310-cp310-manylinux_2_17_aarch64.manylinux2014_aarch64.whl", hash = "sha256:0f6ea51e67257728afda321f6e8be15c0c8ba5de74e095e152a50cbaed06654d"},
    {file = "eclipse_sumo-1.21.0-cp311-cp311-macosx_14_0_arm64.whl", hash = "sha256:22417f9a88edd7c6ac315656b07d644ee61a4ec5e53570c18238048dcf08a7f4"},
    {file = "eclipse_sumo-1.21.0-cp311-cp311-manylinux_2_17_aarch64.manylinux2014_aarch64.whl", hash = "sha256:013f1065eb8eef0284c43fe58ab1cfcbe435e0169fc4666efb5431da1290f6cb"},
    {file = "eclipse_sumo-1.21.0-cp312-cp312-macosx_14_0_arm64.whl", hash = "sha256:504d7b2ff6a7387108f64a1007e96a3eddf7825408443fa793a2973e462c7e9f"},
    {file = "eclipse_sumo-1.21.0-cp312-cp312-manylinux_2_17_aarch64.manylinux2014_aarch64.whl", hash = "sha256:c938594a55f4bd17c200d5c696bde78b994fde151fb91ae195ecbb08053c1713"},
    {file = "eclipse_sumo-1.21.0-cp313-cp313-macosx_14_0_arm64.whl", hash = "sha256:fb22e407bf9cb4a792c58eff08ba2488118d9d82a9ec3dbfba9e4909c864d09f"},
    {file = "eclipse_sumo-1.21.0-cp313-cp313-manylinux_2_17_aarch64.manylinux2014_aarch64.whl", hash = "sha256:619fa8e6ca5dc2a82a132dd4ac81435df8a69c765acf36b62a2dab8d8fe1f6bf"},
    {file = "eclipse_sumo-1.21.0-cp39-cp39-macosx_14_0_arm64.whl", hash = "sha256:df91d144e676dd03797fbec166df1d03efd04a5878f9900b0c83a7858eec46f9"},
    {file = "eclipse_sumo-1.21.0-cp39-cp39-manylinux_2_17_aarch64.manylinux2014_aarch64.whl", hash = "sha256:b4b80fb09c4a97744e314c8c427574024503fbcc89f23faaa7e573beb9ebbc5a"},
    {file = "eclipse_sumo-1.21.0-py2.py3-none-manylinux_2_17_aarch64.manylinux2014_aarch64.whl", hash = "sha256:09d63d093458b059e96202f31c0527d68771d512b9764e91b7228fb30a50ef5d"},
    {file = "eclipse_sumo-1.21.0-py2.py3-none-manylinux_2_17_x86_64.manylinux2014_x86_64.whl", hash = "sha256:919ce16c4ec1a14f85af80b87a02f49cfc153372ef23009fd96027dccb2557e2"},
    {file = "eclipse_sumo-1.21.0-py2.py3-none-win_amd64.whl", hash = "sha256:8f2942912e8edb906d76d73ec722606a7e949dadef9607ac3d1a02f3fc37f819"},
]

[[package]]
name = "sumolib"
version = "1.21.0"
description = "Python helper modules to read networks, parse output data and do other useful stuff related to the traffic simulation Eclipse SUMO"
optional = false
python-versions = "*"
files = [
    {file = "sumolib-1.21.0-py3-none-any.whl", hash = "sha256:039ab9498ab63ea788dcfeed966ef744d7756fdacd53668ef7868ccf9aa216e1"},
    {file = "sumolib-1.21.0.tar.gz", hash = "sha256:a7e4ccf880a26ee2536b2b20daaa26b466376909dcb113e23c65d09d4a6de7aa"},
]

[package.extras]
visualization = ["matplotlib"]

[[package]]
name = "traci"
version = "1.21.0"
description = "The pure python version of the TraCI API to communicate with the traffic simulation Eclipse SUMO"
optional = false
python-versions = "*"
files = [
    {file = "traci-1.21.0-py3-none-any.whl", hash = "sha256:d6b5a57518b1d7a52d9eb955d0afc16b43d994674797e930cd0cafcb6920b43c"},
    {file = "traci-1.21.0.tar.gz", hash = "sha256:8b0765d08fc8bc7e7fa1647c7cb0ace9964b15d8980de979a5e10a206c417311"},
]

[package.dependencies]
sumolib = ">=1.21.0"

[metadata]
lock-version = "2.0"
python-versions = "^3.10"
content-hash = "cbcc74f7a91d809057a349c0d8b92b39f12d3058648b645a83d75a72fcc5b650"
